
Microsoft Visual Studio Solution File, Format Version 12.00
# Visual Studio Version 17
VisualStudioVersion = 17.3.32825.248
MinimumVisualStudioVersion = 10.0.40219.1
Project("{9A19103F-16F7-4668-BE54-9A1E7A4F7556}") = "TravelPal", "TravelPal.csproj", "{04B245B2-EE3E-4772-BF62-84B3B6AF3246}"
EndProject
Global
	GlobalSection(SolutionConfigurationPlatforms) = preSolution
		Debug|Any CPU = Debug|Any CPU
		Release|Any CPU = Release|Any CPU
	EndGlobalSection
	GlobalSection(ProjectConfigurationPlatforms) = postSolution
		{04B245B2-EE3E-4772-BF62-84B3B6AF3246}.Debug|Any CPU.ActiveCfg = Debug|Any CPU
		{04B245B2-EE3E-4772-BF62-84B3B6AF3246}.Debug|Any CPU.Build.0 = Debug|Any CPU
		{04B245B2-EE3E-4772-BF62-84B3B6AF3246}.Release|Any CPU.ActiveCfg = Release|Any CPU
		{04B245B2-EE3E-4772-BF62-84B3B6AF3246}.Release|Any CPU.Build.0 = Release|Any CPU
	EndGlobalSection
	GlobalSection(SolutionProperties) = preSolution
		HideSolutionNode = FALSE
	EndGlobalSection
	GlobalSection(ExtensibilityGlobals) = postSolution
		SolutionGuid = {1CDEFB54-A1E4-4BDC-8FE4-AC31FF5EAC8B}
	EndGlobalSection
EndGlobal
